
Microsoft Visual Studio Solution File, Format Version 12.00
# Visual Studio Version 16
VisualStudioVersion = 16.0.31424.327
MinimumVisualStudioVersion = 10.0.40219.1
Project("{FAE04EC0-301F-11D3-BF4B-00C04F79EFBC}") = "Hangman", "Hangman\Hangman.csproj", "{5F95E078-C8A2-443C-A8A2-F42770D35275}"
EndProject
Global
	GlobalSection(SolutionConfigurationPlatforms) = preSolution
		Debug|Any CPU = Debug|Any CPU
		Release|Any CPU = Release|Any CPU
	EndGlobalSection
	GlobalSection(ProjectConfigurationPlatforms) = postSolution
		{5F95E078-C8A2-443C-A8A2-F42770D35275}.Debug|Any CPU.ActiveCfg = Debug|Any CPU
		{5F95E078-C8A2-443C-A8A2-F42770D35275}.Debug|Any CPU.Build.0 = Debug|Any CPU
		{5F95E078-C8A2-443C-A8A2-F42770D35275}.Release|Any CPU.ActiveCfg = Release|Any CPU
		{5F95E078-C8A2-443C-A8A2-F42770D35275}.Release|Any CPU.Build.0 = Release|Any CPU
	EndGlobalSection
	GlobalSection(SolutionProperties) = preSolution
		HideSolutionNode = FALSE
	EndGlobalSection
	GlobalSection(ExtensibilityGlobals) = postSolution
		SolutionGuid = {2D7678B4-02D9-4691-9F04-4462F2CCD84F}
	EndGlobalSection
EndGlobal
